
Microsoft Visual Studio Solution File, Format Version 12.00
# Visual Studio Version 17
VisualStudioVersion = 17.1.32328.378
MinimumVisualStudioVersion = 10.0.40219.1
Project("{9A19103F-16F7-4668-BE54-9A1E7A4F7556}") = "BasicAuth", "BasicAuth\BasicAuth.csproj", "{D0E9CFEF-D83A-465D-94D6-A0A003BF5231}"
EndProject
Project("{9A19103F-16F7-4668-BE54-9A1E7A4F7556}") = "ClaimBaseAuth", "ClaimBaseAuthorize\ClaimBaseAuth.csproj", "{A0E4EC10-3D2E-4803-8F33-5B74705E1984}"
EndProject
Project("{9A19103F-16F7-4668-BE54-9A1E7A4F7556}") = "MiddlewareBaseAuth", "MiddlewareBaseAuth\MiddlewareBaseAuth.csproj", "{AFC459EF-BCB0-4FAF-93FE-280FA9DF8DD2}"
EndProject
Project("{9A19103F-16F7-4668-BE54-9A1E7A4F7556}") = "JWTAuth", "JWTAuth\JWTAuth.csproj", "{163A0CC1-50F1-41B8-83C4-0E8AECF20CEF}"
EndProject
Project("{2150E333-8FDC-42A3-9474-1A3956D46DE8}") = "IdS4", "IdS4", "{AAA5BDEE-AA8F-45F4-A502-AC4FE1DAB0B0}"
EndProject
Project("{9A19103F-16F7-4668-BE54-9A1E7A4F7556}") = "ApiOne", "IdS4\ApiOne\ApiOne.csproj", "{43AAF4E2-9A75-49C0-945A-803DF0FE9F87}"
EndProject
Project("{9A19103F-16F7-4668-BE54-9A1E7A4F7556}") = "IdentityServer", "IdentityServer\IdentityServer.csproj", "{0563960F-5CE8-4E31-80D1-33E39DA628FC}"
EndProject
Project("{FAE04EC0-301F-11D3-BF4B-00C04F79EFBC}") = "ApiForReferenceToken", "ApiForReferenceToken\ApiForReferenceToken.csproj", "{529B2CDA-C091-4CD5-B6E1-DE354F88CF38}"
EndProject
Global
	GlobalSection(SolutionConfigurationPlatforms) = preSolution
		Debug|Any CPU = Debug|Any CPU
		Release|Any CPU = Release|Any CPU
	EndGlobalSection
	GlobalSection(ProjectConfigurationPlatforms) = postSolution
		{D0E9CFEF-D83A-465D-94D6-A0A003BF5231}.Debug|Any CPU.ActiveCfg = Debug|Any CPU
		{D0E9CFEF-D83A-465D-94D6-A0A003BF5231}.Debug|Any CPU.Build.0 = Debug|Any CPU
		{D0E9CFEF-D83A-465D-94D6-A0A003BF5231}.Release|Any CPU.ActiveCfg = Release|Any CPU
		{D0E9CFEF-D83A-465D-94D6-A0A003BF5231}.Release|Any CPU.Build.0 = Release|Any CPU
		{A0E4EC10-3D2E-4803-8F33-5B74705E1984}.Debug|Any CPU.ActiveCfg = Debug|Any CPU
		{A0E4EC10-3D2E-4803-8F33-5B74705E1984}.Debug|Any CPU.Build.0 = Debug|Any CPU
		{A0E4EC10-3D2E-4803-8F33-5B74705E1984}.Release|Any CPU.ActiveCfg = Release|Any CPU
		{A0E4EC10-3D2E-4803-8F33-5B74705E1984}.Release|Any CPU.Build.0 = Release|Any CPU
		{AFC459EF-BCB0-4FAF-93FE-280FA9DF8DD2}.Debug|Any CPU.ActiveCfg = Debug|Any CPU
		{AFC459EF-BCB0-4FAF-93FE-280FA9DF8DD2}.Debug|Any CPU.Build.0 = Debug|Any CPU
		{AFC459EF-BCB0-4FAF-93FE-280FA9DF8DD2}.Release|Any CPU.ActiveCfg = Release|Any CPU
		{AFC459EF-BCB0-4FAF-93FE-280FA9DF8DD2}.Release|Any CPU.Build.0 = Release|Any CPU
		{163A0CC1-50F1-41B8-83C4-0E8AECF20CEF}.Debug|Any CPU.ActiveCfg = Debug|Any CPU
		{163A0CC1-50F1-41B8-83C4-0E8AECF20CEF}.Debug|Any CPU.Build.0 = Debug|Any CPU
		{163A0CC1-50F1-41B8-83C4-0E8AECF20CEF}.Release|Any CPU.ActiveCfg = Release|Any CPU
		{163A0CC1-50F1-41B8-83C4-0E8AECF20CEF}.Release|Any CPU.Build.0 = Release|Any CPU
		{43AAF4E2-9A75-49C0-945A-803DF0FE9F87}.Debug|Any CPU.ActiveCfg = Debug|Any CPU
		{43AAF4E2-9A75-49C0-945A-803DF0FE9F87}.Debug|Any CPU.Build.0 = Debug|Any CPU
		{43AAF4E2-9A75-49C0-945A-803DF0FE9F87}.Release|Any CPU.ActiveCfg = Release|Any CPU
		{43AAF4E2-9A75-49C0-945A-803DF0FE9F87}.Release|Any CPU.Build.0 = Release|Any CPU
		{0563960F-5CE8-4E31-80D1-33E39DA628FC}.Debug|Any CPU.ActiveCfg = Debug|Any CPU
		{0563960F-5CE8-4E31-80D1-33E39DA628FC}.Debug|Any CPU.Build.0 = Debug|Any CPU
		{0563960F-5CE8-4E31-80D1-33E39DA628FC}.Release|Any CPU.ActiveCfg = Release|Any CPU
		{0563960F-5CE8-4E31-80D1-33E39DA628FC}.Release|Any CPU.Build.0 = Release|Any CPU
		{529B2CDA-C091-4CD5-B6E1-DE354F88CF38}.Debug|Any CPU.ActiveCfg = Debug|Any CPU
		{529B2CDA-C091-4CD5-B6E1-DE354F88CF38}.Debug|Any CPU.Build.0 = Debug|Any CPU
		{529B2CDA-C091-4CD5-B6E1-DE354F88CF38}.Release|Any CPU.ActiveCfg = Release|Any CPU
		{529B2CDA-C091-4CD5-B6E1-DE354F88CF38}.Release|Any CPU.Build.0 = Release|Any CPU
	EndGlobalSection
	GlobalSection(SolutionProperties) = preSolution
		HideSolutionNode = FALSE
	EndGlobalSection
	GlobalSection(NestedProjects) = preSolution
		{43AAF4E2-9A75-49C0-945A-803DF0FE9F87} = {AAA5BDEE-AA8F-45F4-A502-AC4FE1DAB0B0}
		{0563960F-5CE8-4E31-80D1-33E39DA628FC} = {AAA5BDEE-AA8F-45F4-A502-AC4FE1DAB0B0}
		{529B2CDA-C091-4CD5-B6E1-DE354F88CF38} = {AAA5BDEE-AA8F-45F4-A502-AC4FE1DAB0B0}
	EndGlobalSection
	GlobalSection(ExtensibilityGlobals) = postSolution
		SolutionGuid = {D8EA61D5-7B36-4291-BB44-EB8C739B95EC}
	EndGlobalSection
EndGlobal
